
Microsoft Visual Studio Solution File, Format Version 12.00
# Visual Studio Express 2012 for Web
Project("{E24C65DC-7377-472B-9ABA-BC803B73C61A}") = "Ex17CustomerList", "..\..\..\..\..\..\aspnet45_cs\Ex17CustomerList\", "{F78C3912-FA4B-4168-9BB2-BD54DA7F4E0B}"
	ProjectSection(WebsiteProperties) = preProject
		TargetFrameworkMoniker = ".NETFramework,Version%3Dv4.5"
		Debug.AspNetCompiler.VirtualPath = "/Ex17CustomerList"
		Debug.AspNetCompiler.PhysicalPath = "..\..\..\..\..\..\aspnet45_cs\Ex17CustomerList\"
		Debug.AspNetCompiler.TargetPath = "PrecompiledWeb\Ex17CustomerList\"
		Debug.AspNetCompiler.Updateable = "true"
		Debug.AspNetCompiler.ForceOverwrite = "true"
		Debug.AspNetCompiler.FixedNames = "false"
		Debug.AspNetCompiler.Debug = "True"
		Release.AspNetCompiler.VirtualPath = "/Ex17CustomerList"
		Release.AspNetCompiler.PhysicalPath = "..\..\..\..\..\..\aspnet45_cs\Ex17CustomerList\"
		Release.AspNetCompiler.TargetPath = "PrecompiledWeb\Ex17CustomerList\"
		Release.AspNetCompiler.Updateable = "true"
		Release.AspNetCompiler.ForceOverwrite = "true"
		Release.AspNetCompiler.FixedNames = "false"
		Release.AspNetCompiler.Debug = "False"
		VWDPort = "50815"
	EndProjectSection
EndProject
Global
	GlobalSection(SolutionConfigurationPlatforms) = preSolution
		Debug|Any CPU = Debug|Any CPU
	EndGlobalSection
	GlobalSection(ProjectConfigurationPlatforms) = postSolution
		{F78C3912-FA4B-4168-9BB2-BD54DA7F4E0B}.Debug|Any CPU.ActiveCfg = Debug|Any CPU
		{F78C3912-FA4B-4168-9BB2-BD54DA7F4E0B}.Debug|Any CPU.Build.0 = Debug|Any CPU
	EndGlobalSection
	GlobalSection(SolutionProperties) = preSolution
		HideSolutionNode = FALSE
	EndGlobalSection
EndGlobal
